PODS:
  - SSZipArchive (2.4.3)
  - XHThemeTool (0.0.7)

DEPENDENCIES:
  - SSZipArchive
  - XHThemeTool (~> 0.0.7)

SPEC REPOS:
  trunk:
    - SSZipArchive
    - XHThemeTool

SPEC CHECKSUMS:
  SSZipArchive: fe6a26b2a54d5a0890f2567b5cc6de5caa600aef
  XHThemeTool: 0f82152be3a511c4f8622e2c6a9b7a472b94e63b

PODFILE CHECKSUM: b06351ec5b4f27f6f939b928b357fb2a14c4b6e5

COCOAPODS: 1.11.3
